// !$*UTF8*$!
{
	archiveVersion = 1;
	classes = {
	};
	objectVersion = 46;
	objects = {

/* Begin PBXBuildFile section */
		F042E19619CBDE510073C0E4 /* AppDelegate.swift in Sources */ = {isa = PBXBuildFile; fileRef = F042E19519CBDE510073C0E4 /* AppDelegate.swift */; };
		F042E19819CBDE510073C0E4 /* ViewController.swift in Sources */ = {isa = PBXBuildFile; fileRef = F042E19719CBDE510073C0E4 /* ViewController.swift */; };
		F042E19B19CBDE510073C0E4 /* Main.storyboard in Resources */ = {isa = PBXBuildFile; fileRef = F042E19919CBDE510073C0E4 /* Main.storyboard */; };
		F042E19D19CBDE510073C0E4 /* Images.xcassets in Resources */ = {isa = PBXBuildFile; fileRef = F042E19C19CBDE510073C0E4 /* Images.xcassets */; };
		F042E1A019CBDE510073C0E4 /* LaunchScreen.xib in Resources */ = {isa = PBXBuildFile; fileRef = F042E19E19CBDE510073C0E4 /* LaunchScreen.xib */; };
		F042E1AC19CBDE510073C0E4 /* Swift36KrNewsTests.swift in Sources */ = {isa = PBXBuildFile; fileRef = F042E1AB19CBDE510073C0E4 /* Swift36KrNewsTests.swift */; };
		F042E1B619CBE6B70073C0E4 /* NeoWebDetailVC.swift in Sources */ = {isa = PBXBuildFile; fileRef = F042E1B519CBE6B70073C0E4 /* NeoWebDetailVC.swift */; };
		F042E1BA19CBE8000073C0E4 /* NeoKrNewsParser.swift in Sources */ = {isa = PBXBuildFile; fileRef = F042E1B919CBE8000073C0E4 /* NeoKrNewsParser.swift */; };
		F042E1BC19CBE94E0073C0E4 /* NeoKrNewsModel.swift in Sources */ = {isa = PBXBuildFile; fileRef = F042E1BB19CBE94E0073C0E4 /* NeoKrNewsModel.swift */; };
/* End PBXBuildFile section */

/* Begin PBXContainerItemProxy section */
		F042E1A619CBDE510073C0E4 /* PBXContainerItemProxy */ = {
			isa = PBXContainerItemProxy;
			containerPortal = F042E18819CBDE510073C0E4 /* Project object */;
			proxyType = 1;
			remoteGlobalIDString = F042E18F19CBDE510073C0E4;
			remoteInfo = Swift36KrNews;
		};
/* End PBXContainerItemProxy section */

/* Begin PBXFileReference section */
		F042E19019CBDE510073C0E4 /* Swift36KrNews.app */ = {isa = PBXFileReference; explicitFileType = wrapper.application; includeInIndex = 0; path = Swift36KrNews.app; sourceTree = BUILT_PRODUCTS_DIR; };
		F042E19419CBDE510073C0E4 /* Info.plist */ = {isa = PBXFileReference; lastKnownFileType = text.plist.xml; path = Info.plist; sourceTree = "<group>"; };
		F042E19519CBDE510073C0E4 /* AppDelegate.swift */ = {isa = PBXFileReference; lastKnownFileType = sourcecode.swift; path = AppDelegate.swift; sourceTree = "<group>"; };
		F042E19719CBDE510073C0E4 /* ViewController.swift */ = {isa = PBXFileReference; lastKnownFileType = sourcecode.swift; path = ViewController.swift; sourceTree = "<group>"; };
		F042E19A19CBDE510073C0E4 /* Base */ = {isa = PBXFileReference; lastKnownFileType = file.storyboard; name = Base; path = Base.lproj/Main.storyboard; sourceTree = "<group>"; };
		F042E19C19CBDE510073C0E4 /* Images.xcassets */ = {isa = PBXFileReference; lastKnownFileType = folder.assetcatalog; path = Images.xcassets; sourceTree = "<group>"; };
		F042E19F19CBDE510073C0E4 /* Base */ = {isa = PBXFileReference; lastKnownFileType = file.xib; name = Base; path = Base.lproj/LaunchScreen.xib; sourceTree = "<group>"; };
		F042E1A519CBDE510073C0E4 /* Swift36KrNewsTests.xctest */ = {isa = PBXFileReference; explicitFileType = wrapper.cfbundle; includeInIndex = 0; path = Swift36KrNewsTests.xctest; sourceTree = BUILT_PRODUCTS_DIR; };
		F042E1AA19CBDE510073C0E4 /* Info.plist */ = {isa = PBXFileReference; lastKnownFileType = text.plist.xml; path = Info.plist; sourceTree = "<group>"; };
		F042E1AB19CBDE510073C0E4 /* Swift36KrNewsTests.swift */ = {isa = PBXFileReference; lastKnownFileType = sourcecode.swift; path = Swift36KrNewsTests.swift; sourceTree = "<group>"; };
		F042E1B519CBE6B70073C0E4 /* NeoWebDetailVC.swift */ = {isa = PBXFileReference; fileEncoding = 4; lastKnownFileType = sourcecode.swift; path = NeoWebDetailVC.swift; sourceTree = "<group>"; };
		F042E1B919CBE8000073C0E4 /* NeoKrNewsParser.swift */ = {isa = PBXFileReference; fileEncoding = 4; lastKnownFileType = sourcecode.swift; path = NeoKrNewsParser.swift; sourceTree = "<group>"; };
		F042E1BB19CBE94E0073C0E4 /* NeoKrNewsModel.swift */ = {isa = PBXFileReference; fileEncoding = 4; lastKnownFileType = sourcecode.swift; path = NeoKrNewsModel.swift; sourceTree = "<group>"; };
/* End PBXFileReference section */

/* Begin PBXFrameworksBuildPhase section */
		F042E18D19CBDE510073C0E4 /* Frameworks */ = {
			isa = PBXFrameworksBuildPhase;
			buildActionMask = 2147483647;
			files = (
			);
			runOnlyForDeploymentPostprocessing = 0;
		};
		F042E1A219CBDE510073C0E4 /* Frameworks */ = {
			isa = PBXFrameworksBuildPhase;
			buildActionMask = 2147483647;
			files = (
			);
			runOnlyForDeploymentPostprocessing = 0;
		};
/* End PBXFrameworksBuildPhase section */

/* Begin PBXGroup section */
		F042E18719CBDE510073C0E4 = {
			isa = PBXGroup;
			children = (
				F042E19219CBDE510073C0E4 /* Swift36KrNews */,
				F042E1A819CBDE510073C0E4 /* Swift36KrNewsTests */,
				F042E19119CBDE510073C0E4 /* Products */,
			);
			sourceTree = "<group>";
		};
		F042E19119CBDE510073C0E4 /* Products */ = {
			isa = PBXGroup;
			children = (
				F042E19019CBDE510073C0E4 /* Swift36KrNews.app */,
				F042E1A519CBDE510073C0E4 /* Swift36KrNewsTests.xctest */,
			);
			name = Products;
			sourceTree = "<group>";
		};
		F042E19219CBDE510073C0E4 /* Swift36KrNews */ = {
			isa = PBXGroup;
			children = (
				F042E19519CBDE510073C0E4 /* AppDelegate.swift */,
				F042E19719CBDE510073C0E4 /* ViewController.swift */,
				F042E1B519CBE6B70073C0E4 /* NeoWebDetailVC.swift */,
				F042E1B919CBE8000073C0E4 /* NeoKrNewsParser.swift */,
				F042E1BB19CBE94E0073C0E4 /* NeoKrNewsModel.swift */,
				F042E19919CBDE510073C0E4 /* Main.storyboard */,
				F042E19C19CBDE510073C0E4 /* Images.xcassets */,
				F042E19E19CBDE510073C0E4 /* LaunchScreen.xib */,
				F042E19319CBDE510073C0E4 /* Supporting Files */,
			);
			path = Swift36KrNews;
			sourceTree = "<group>";
		};
		F042E19319CBDE510073C0E4 /* Supporting Files */ = {
			isa = PBXGroup;
			children = (
				F042E19419CBDE510073C0E4 /* Info.plist */,
			);
			name = "Supporting Files";
			sourceTree = "<group>";
		};
		F042E1A819CBDE510073C0E4 /* Swift36KrNewsTests */ = {
			isa = PBXGroup;
			children = (
				F042E1AB19CBDE510073C0E4 /* Swift36KrNewsTests.swift */,
				F042E1A919CBDE510073C0E4 /* Supporting Files */,
			);
			path = Swift36KrNewsTests;
			sourceTree = "<group>";
		};
		F042E1A919CBDE510073C0E4 /* Supporting Files */ = {
			isa = PBXGroup;
			children = (
				F042E1AA19CBDE510073C0E4 /* Info.plist */,
			);
			name = "Supporting Files";
			sourceTree = "<group>";
		};
/* End PBXGroup section */

/* Begin PBXNativeTarget section */
		F042E18F19CBDE510073C0E4 /* Swift36KrNews */ = {
			isa = PBXNativeTarget;
			buildConfigurationList = F042E1AF19CBDE510073C0E4 /* Build configuration list for PBXNativeTarget "Swift36KrNews" */;
			buildPhases = (
				F042E18C19CBDE510073C0E4 /* Sources */,
				F042E18D19CBDE510073C0E4 /* Frameworks */,
				F042E18E19CBDE510073C0E4 /* Resources */,
			);
			buildRules = (
			);
			dependencies = (
			);
			name = Swift36KrNews;
			productName = Swift36KrNews;
			productReference = F042E19019CBDE510073C0E4 /* Swift36KrNews.app */;
			productType = "com.apple.product-type.application";
		};
		F042E1A419CBDE510073C0E4 /* Swift36KrNewsTests */ = {
			isa = PBXNativeTarget;
			buildConfigurationList = F042E1B219CBDE510073C0E4 /* Build configuration list for PBXNativeTarget "Swift36KrNewsTests" */;
			buildPhases = (
				F042E1A119CBDE510073C0E4 /* Sources */,
				F042E1A219CBDE510073C0E4 /* Frameworks */,
				F042E1A319CBDE510073C0E4 /* Resources */,
			);
			buildRules = (
			);
			dependencies = (
				F042E1A719CBDE510073C0E4 /* PBXTargetDependency */,
			);
			name = Swift36KrNewsTests;
			productName = Swift36KrNewsTests;
			productReference = F042E1A519CBDE510073C0E4 /* Swift36KrNewsTests.xctest */;
			productType = "com.apple.product-type.bundle.unit-test";
		};
/* End PBXNativeTarget section */

/* Begin PBXProject section */
		F042E18819CBDE510073C0E4 /* Project object */ = {
			isa = PBXProject;
			attributes = {
				LastUpgradeCheck = 0610;
				ORGANIZATIONNAME = "北京启能万维科技有限公司";
				TargetAttributes = {
					F042E18F19CBDE510073C0E4 = {
						CreatedOnToolsVersion = 6.1;
					};
					F042E1A419CBDE510073C0E4 = {
						CreatedOnToolsVersion = 6.1;
						TestTargetID = F042E18F19CBDE510073C0E4;
					};
				};
			};
			buildConfigurationList = F042E18B19CBDE510073C0E4 /* Build configuration list for PBXProject "Swift36KrNews" */;
			compatibilityVersion = "Xcode 3.2";
			developmentRegion = English;
			hasScannedForEncodings = 0;
			knownRegions = (
				en,
				Base,
			);
			mainGroup = F042E18719CBDE510073C0E4;
			productRefGroup = F042E19119CBDE510073C0E4 /* Products */;
			projectDirPath = "";
			projectRoot = "";
			targets = (
				F042E18F19CBDE510073C0E4 /* Swift36KrNews */,
				F042E1A419CBDE510073C0E4 /* Swift36KrNewsTests */,
			);
		};
/* End PBXProject section */

/* Begin PBXResourcesBuildPhase section */
		F042E18E19CBDE510073C0E4 /* Resources */ = {
			isa = PBXResourcesBuildPhase;
			buildActionMask = 2147483647;
			files = (
				F042E19B19CBDE510073C0E4 /* Main.storyboard in Resources */,
				F042E1A019CBDE510073C0E4 /* LaunchScreen.xib in Resources */,
				F042E19D19CBDE510073C0E4 /* Images.xcassets in Resources */,
			);
			runOnlyForDeploymentPostprocessing = 0;
		};
		F042E1A319CBDE510073C0E4 /* Resources */ = {
			isa = PBXResourcesBuildPhase;
			buildActionMask = 2147483647;
			files = (
			);
			runOnlyForDeploymentPostprocessing = 0;
		};
/* End PBXResourcesBuildPhase section */

/* Begin PBXSourcesBuildPhase section */
		F042E18C19CBDE510073C0E4 /* Sources */ = {
			isa = PBXSourcesBuildPhase;
			buildActionMask = 2147483647;
			files = (
				F042E1BC19CBE94E0073C0E4 /* NeoKrNewsModel.swift in Sources */,
				F042E19819CBDE510073C0E4 /* ViewController.swift in Sources */,
				F042E1BA19CBE8000073C0E4 /* NeoKrNewsParser.swift in Sources */,
				F042E19619CBDE510073C0E4 /* AppDelegate.swift in Sources */,
				F042E1B619CBE6B70073C0E4 /* NeoWebDetailVC.swift in Sources */,
			);
			runOnlyForDeploymentPostprocessing = 0;
		};
		F042E1A119CBDE510073C0E4 /* Sources */ = {
			isa = PBXSourcesBuildPhase;
			buildActionMask = 2147483647;
			files = (
				F042E1AC19CBDE510073C0E4 /* Swift36KrNewsTests.swift in Sources */,
			);
			runOnlyForDeploymentPostprocessing = 0;
		};
/* End PBXSourcesBuildPhase section */

/* Begin PBXTargetDependency section */
		F042E1A719CBDE510073C0E4 /* PBXTargetDependency */ = {
			isa = PBXTargetDependency;
			target = F042E18F19CBDE510073C0E4 /* Swift36KrNews */;
			targetProxy = F042E1A619CBDE510073C0E4 /* PBXContainerItemProxy */;
		};
/* End PBXTargetDependency section */

/* Begin PBXVariantGroup section */
		F042E19919CBDE510073C0E4 /* Main.storyboard */ = {
			isa = PBXVariantGroup;
			children = (
				F042E19A19CBDE510073C0E4 /* Base */,
			);
			name = Main.storyboard;
			sourceTree = "<group>";
		};
		F042E19E19CBDE510073C0E4 /* LaunchScreen.xib */ = {
			isa = PBXVariantGroup;
			children = (
				F042E19F19CBDE510073C0E4 /* Base */,
			);
			name = LaunchScreen.xib;
			sourceTree = "<group>";
		};
/* End PBXVariantGroup section */

/* Begin XCBuildConfiguration section */
		F042E1AD19CBDE510073C0E4 /* Debug */ = {
			isa = XCBuildConfiguration;
			buildSettings = {
				ALWAYS_SEARCH_USER_PATHS = NO;
				CLANG_CXX_LANGUAGE_STANDARD = "gnu++0x";
				CLANG_CXX_LIBRARY = "libc++";
				CLANG_ENABLE_MODULES = YES;
				CLANG_ENABLE_OBJC_ARC = YES;
				CLANG_WARN_BOOL_CONVERSION = YES;
				CLANG_WARN_CONSTANT_CONVERSION = YES;
				CLANG_WARN_DIRECT_OBJC_ISA_USAGE = YES_ERROR;
				CLANG_WARN_EMPTY_BODY = YES;
				CLANG_WARN_ENUM_CONVERSION = YES;
				CLANG_WARN_INT_CONVERSION = YES;
				CLANG_WARN_OBJC_ROOT_CLASS = YES_ERROR;
				CLANG_WARN_UNREACHABLE_CODE = YES;
				CLANG_WARN__DUPLICATE_METHOD_MATCH = YES;
				"CODE_SIGN_IDENTITY[sdk=iphoneos*]" = "iPhone Developer";
				COPY_PHASE_STRIP = NO;
				ENABLE_STRICT_OBJC_MSGSEND = YES;
				GCC_C_LANGUAGE_STANDARD = gnu99;
				GCC_DYNAMIC_NO_PIC = NO;
				GCC_OPTIMIZATION_LEVEL = 0;
				GCC_PREPROCESSOR_DEFINITIONS = (
					"DEBUG=1",
					"$(inherited)",
				);
				GCC_SYMBOLS_PRIVATE_EXTERN = NO;
				GCC_WARN_64_TO_32_BIT_CONVERSION = YES;
				GCC_WARN_ABOUT_RETURN_TYPE = YES_ERROR;
				GCC_WARN_UNDECLARED_SELECTOR = YES;
				GCC_WARN_UNINITIALIZED_AUTOS = YES_AGGRESSIVE;
				GCC_WARN_UNUSED_FUNCTION = YES;
				GCC_WARN_UNUSED_VARIABLE = YES;
				IPHONEOS_DEPLOYMENT_TARGET = 8.0;
				MTL_ENABLE_DEBUG_INFO = YES;
				ONLY_ACTIVE_ARCH = YES;
				SDKROOT = iphoneos;
				SWIFT_OPTIMIZATION_LEVEL = "-Onone";
			};
			name = Debug;
		};
		F042E1AE19CBDE510073C0E4 /* Release */ = {
			isa = XCBuildConfiguration;
			buildSettings = {
				ALWAYS_SEARCH_USER_PATHS = NO;
				CLANG_CXX_LANGUAGE_STANDARD = "gnu++0x";
				CLANG_CXX_LIBRARY = "libc++";
				CLANG_ENABLE_MODULES = YES;
				CLANG_ENABLE_OBJC_ARC = YES;
				CLANG_WARN_BOOL_CONVERSION = YES;
				CLANG_WARN_CONSTANT_CONVERSION = YES;
				CLANG_WARN_DIRECT_OBJC_ISA_USAGE = YES_ERROR;
				CLANG_WARN_EMPTY_BODY = YES;
				CLANG_WARN_ENUM_CONVERSION = YES;
				CLANG_WARN_INT_CONVERSION = YES;
				CLANG_WARN_OBJC_ROOT_CLASS = YES_ERROR;
				CLANG_WARN_UNREACHABLE_CODE = YES;
				CLANG_WARN__DUPLICATE_METHOD_MATCH = YES;
				"CODE_SIGN_IDENTITY[sdk=iphoneos*]" = "iPhone Developer";
				COPY_PHASE_STRIP = YES;
				ENABLE_NS_ASSERTIONS = NO;
				ENABLE_STRICT_OBJC_MSGSEND = YES;
				GCC_C_LANGUAGE_STANDARD = gnu99;
				GCC_WARN_64_TO_32_BIT_CONVERSION = YES;
				GCC_WARN_ABOUT_RETURN_TYPE = YES_ERROR;
				GCC_WARN_UNDECLARED_SELECTOR = YES;
				GCC_WARN_UNINITIALIZED_AUTOS = YES_AGGRESSIVE;
				GCC_WARN_UNUSED_FUNCTION = YES;
				GCC_WARN_UNUSED_VARIABLE = YES;
				IPHONEOS_DEPLOYMENT_TARGET = 8.0;
				MTL_ENABLE_DEBUG_INFO = NO;
				SDKROOT = iphoneos;
				VALIDATE_PRODUCT = YES;
			};
			name = Release;
		};
		F042E1B019CBDE510073C0E4 /* Debug */ = {
			isa = XCBuildConfiguration;
			buildSettings = {
				ASSETCATALOG_COMPILER_APPICON_NAME = AppIcon;
				CODE_SIGN_IDENTITY = "iPhone Developer: xu xia (936EW9NU67)";
				INFOPLIST_FILE = Swift36KrNews/Info.plist;
				IPHONEOS_DEPLOYMENT_TARGET = 7.1;
				LD_RUNPATH_SEARCH_PATHS = "$(inherited) @executable_path/Frameworks";
				PRODUCT_NAME = "$(TARGET_NAME)";
			};
			name = Debug;
		};
		F042E1B119CBDE510073C0E4 /* Release */ = {
			isa = XCBuildConfiguration;
			buildSettings = {
				ASSETCATALOG_COMPILER_APPICON_NAME = AppIcon;
				CODE_SIGN_IDENTITY = "iPhone Developer: xu xia (936EW9NU67)";
				INFOPLIST_FILE = Swift36KrNews/Info.plist;
				IPHONEOS_DEPLOYMENT_TARGET = 7.1;
				LD_RUNPATH_SEARCH_PATHS = "$(inherited) @executable_path/Frameworks";
				PRODUCT_NAME = "$(TARGET_NAME)";
			};
			name = Release;
		};
		F042E1B319CBDE510073C0E4 /* Debug */ = {
			isa = XCBuildConfiguration;
			buildSettings = {
				BUNDLE_LOADER = "$(TEST_HOST)";
				FRAMEWORK_SEARCH_PATHS = (
					"$(SDKROOT)/Developer/Library/Frameworks",
					"$(inherited)",
				);
				GCC_PREPROCESSOR_DEFINITIONS = (
					"DEBUG=1",
					"$(inherited)",
				);
				INFOPLIST_FILE = Swift36KrNewsTests/Info.plist;
				LD_RUNPATH_SEARCH_PATHS = "$(inherited) @executable_path/Frameworks @loader_path/Frameworks";
				PRODUCT_NAME = "$(TARGET_NAME)";
				TEST_HOST = "$(BUILT_PRODUCTS_DIR)/Swift36KrNews.app/Swift36KrNews";
			};
			name = Debug;
		};
		F042E1B419CBDE510073C0E4 /* Release */ = {
			isa = XCBuildConfiguration;
			buildSettings = {
				BUNDLE_LOADER = "$(TEST_HOST)";
				FRAMEWORK_SEARCH_PATHS = (
					"$(SDKROOT)/Developer/Library/Frameworks",
					"$(inherited)",
				);
				INFOPLIST_FILE = Swift36KrNewsTests/Info.plist;
				LD_RUNPATH_SEARCH_PATHS = "$(inherited) @executable_path/Frameworks @loader_path/Frameworks";
				PRODUCT_NAME = "$(TARGET_NAME)";
				TEST_HOST = "$(BUILT_PRODUCTS_DIR)/Swift36KrNews.app/Swift36KrNews";
			};
			name = Release;
		};
/* End XCBuildConfiguration section */

/* Begin XCConfigurationList section */
		F042E18B19CBDE510073C0E4 /* Build configuration list for PBXProject "Swift36KrNews" */ = {
			isa = XCConfigurationList;
			buildConfigurations = (
				F042E1AD19CBDE510073C0E4 /* Debug */,
				F042E1AE19CBDE510073C0E4 /* Release */,
			);
			defaultConfigurationIsVisible = 0;
			defaultConfigurationName = Release;
		};
		F042E1AF19CBDE510073C0E4 /* Build configuration list for PBXNativeTarget "Swift36KrNews" */ = {
			isa = XCConfigurationList;
			buildConfigurations = (
				F042E1B019CBDE510073C0E4 /* Debug */,
				F042E1B119CBDE510073C0E4 /* Release */,
			);
			defaultConfigurationIsVisible = 0;
			defaultConfigurationName = Release;
		};
		F042E1B219CBDE510073C0E4 /* Build configuration list for PBXNativeTarget "Swift36KrNewsTests" */ = {
			isa = XCConfigurationList;
			buildConfigurations = (
				F042E1B319CBDE510073C0E4 /* Debug */,
				F042E1B419CBDE510073C0E4 /* Release */,
			);
			defaultConfigurationIsVisible = 0;
			defaultConfigurationName = Release;
		};
/* End XCConfigurationList section */
	};
	rootObject = F042E18819CBDE510073C0E4 /* Project object */;
}
